
Microsoft Visual Studio Solution File, Format Version 12.00
# Visual Studio 2013
VisualStudioVersion = 12.0.40629.0
MinimumVisualStudioVersion = 10.0.40219.1
Project("{FAE04EC0-301F-11D3-BF4B-00C04F79EFBC}") = "EngTranslations", "EngTranslations\EngTranslations.csproj", "{34DC339B-DA5D-490D-BA71-997337399CD5}"
EndProject
Project("{FAE04EC0-301F-11D3-BF4B-00C04F79EFBC}") = "UnitTests", "UnitTests\UnitTests.csproj", "{86136B00-F4B7-4B79-9880-1C9C3A5AEA24}"
EndProject
Global
	GlobalSection(SolutionConfigurationPlatforms) = preSolution
		Debug|Any CPU = Debug|Any CPU
		Release|Any CPU = Release|Any CPU
	EndGlobalSection
	GlobalSection(ProjectConfigurationPlatforms) = postSolution
		{34DC339B-DA5D-490D-BA71-997337399CD5}.Debug|Any CPU.ActiveCfg = Debug|Any CPU
		{34DC339B-DA5D-490D-BA71-997337399CD5}.Debug|Any CPU.Build.0 = Debug|Any CPU
		{34DC339B-DA5D-490D-BA71-997337399CD5}.Release|Any CPU.ActiveCfg = Release|Any CPU
		{34DC339B-DA5D-490D-BA71-997337399CD5}.Release|Any CPU.Build.0 = Release|Any CPU
		{86136B00-F4B7-4B79-9880-1C9C3A5AEA24}.Debug|Any CPU.ActiveCfg = Debug|Any CPU
		{86136B00-F4B7-4B79-9880-1C9C3A5AEA24}.Debug|Any CPU.Build.0 = Debug|Any CPU
		{86136B00-F4B7-4B79-9880-1C9C3A5AEA24}.Release|Any CPU.ActiveCfg = Release|Any CPU
		{86136B00-F4B7-4B79-9880-1C9C3A5AEA24}.Release|Any CPU.Build.0 = Release|Any CPU
	EndGlobalSection
	GlobalSection(SolutionProperties) = preSolution
		HideSolutionNode = FALSE
	EndGlobalSection
EndGlobal
